// !$*UTF8*$!
{
	archiveVersion = 1;
	classes = {
	};
	objectVersion = 46;
	objects = {

/* Begin PBXBuildFile section */
		3E9C3E1019572C9000A7666C /* AppDelegate.swift in Sources */ = {isa = PBXBuildFile; fileRef = 3E9C3E0F19572C9000A7666C /* AppDelegate.swift */; };
		3E9C3E1219572C9000A7666C /* ViewController.swift in Sources */ = {isa = PBXBuildFile; fileRef = 3E9C3E1119572C9000A7666C /* ViewController.swift */; };
		3E9C3E1519572C9000A7666C /* Main.storyboard in Resources */ = {isa = PBXBuildFile; fileRef = 3E9C3E1319572C9000A7666C /* Main.storyboard */; };
		3E9C3E1719572C9000A7666C /* Images.xcassets in Resources */ = {isa = PBXBuildFile; fileRef = 3E9C3E1619572C9000A7666C /* Images.xcassets */; };
		3E9C3E2319572C9100A7666C /* Web_CardsTests.swift in Sources */ = {isa = PBXBuildFile; fileRef = 3E9C3E2219572C9100A7666C /* Web_CardsTests.swift */; };
		3E9C3E2E19572CC300A7666C /* CardsViewController.swift in Sources */ = {isa = PBXBuildFile; fileRef = 3E9C3E2C19572CC300A7666C /* CardsViewController.swift */; };
		3E9C3E2F19572CC300A7666C /* CardViewCell.swift in Sources */ = {isa = PBXBuildFile; fileRef = 3E9C3E2D19572CC300A7666C /* CardViewCell.swift */; };
		3E9C3E601957348400A7666C /* CardsDataSource.swift in Sources */ = {isa = PBXBuildFile; fileRef = 3E9C3E5F1957348400A7666C /* CardsDataSource.swift */; };
/* End PBXBuildFile section */

/* Begin PBXContainerItemProxy section */
		3E9C3E1D19572C9100A7666C /* PBXContainerItemProxy */ = {
			isa = PBXContainerItemProxy;
			containerPortal = 3E9C3E0219572C9000A7666C /* Project object */;
			proxyType = 1;
			remoteGlobalIDString = 3E9C3E0919572C9000A7666C;
			remoteInfo = "Web Cards";
		};
		3E9C3E5B19572E8F00A7666C /* PBXContainerItemProxy */ = {
			isa = PBXContainerItemProxy;
			containerPortal = 3E9C3E5619572E8E00A7666C /* CardKit.xcodeproj */;
			proxyType = 2;
			remoteGlobalIDString = 3E9C3E3A19572E8E00A7666C;
			remoteInfo = CardKit;
		};
		3E9C3E5D19572E8F00A7666C /* PBXContainerItemProxy */ = {
			isa = PBXContainerItemProxy;
			containerPortal = 3E9C3E5619572E8E00A7666C /* CardKit.xcodeproj */;
			proxyType = 2;
			remoteGlobalIDString = 3E9C3E4519572E8E00A7666C;
			remoteInfo = CardKitTests;
		};
/* End PBXContainerItemProxy section */

/* Begin PBXFileReference section */
		3E9C3E0A19572C9000A7666C /* Web Cards.app */ = {isa = PBXFileReference; explicitFileType = wrapper.application; includeInIndex = 0; path = "Web Cards.app"; sourceTree = BUILT_PRODUCTS_DIR; };
		3E9C3E0E19572C9000A7666C /* Info.plist */ = {isa = PBXFileReference; lastKnownFileType = text.plist.xml; path = Info.plist; sourceTree = "<group>"; };
		3E9C3E0F19572C9000A7666C /* AppDelegate.swift */ = {isa = PBXFileReference; lastKnownFileType = sourcecode.swift; path = AppDelegate.swift; sourceTree = "<group>"; };
		3E9C3E1119572C9000A7666C /* ViewController.swift */ = {isa = PBXFileReference; lastKnownFileType = sourcecode.swift; path = ViewController.swift; sourceTree = "<group>"; };
		3E9C3E1419572C9000A7666C /* Base */ = {isa = PBXFileReference; lastKnownFileType = file.storyboard; name = Base; path = Base.lproj/Main.storyboard; sourceTree = "<group>"; };
		3E9C3E1619572C9000A7666C /* Images.xcassets */ = {isa = PBXFileReference; lastKnownFileType = folder.assetcatalog; path = Images.xcassets; sourceTree = "<group>"; };
		3E9C3E1C19572C9000A7666C /* Web CardsTests.xctest */ = {isa = PBXFileReference; explicitFileType = wrapper.cfbundle; includeInIndex = 0; path = "Web CardsTests.xctest"; sourceTree = BUILT_PRODUCTS_DIR; };
		3E9C3E2119572C9100A7666C /* Info.plist */ = {isa = PBXFileReference; lastKnownFileType = text.plist.xml; path = Info.plist; sourceTree = "<group>"; };
		3E9C3E2219572C9100A7666C /* Web_CardsTests.swift */ = {isa = PBXFileReference; lastKnownFileType = sourcecode.swift; path = Web_CardsTests.swift; sourceTree = "<group>"; };
		3E9C3E2C19572CC300A7666C /* CardsViewController.swift */ = {isa = PBXFileReference; fileEncoding = 4; lastKnownFileType = sourcecode.swift; path = CardsViewController.swift; sourceTree = "<group>"; };
		3E9C3E2D19572CC300A7666C /* CardViewCell.swift */ = {isa = PBXFileReference; fileEncoding = 4; lastKnownFileType = sourcecode.swift; path = CardViewCell.swift; sourceTree = "<group>"; };
		3E9C3E5619572E8E00A7666C /* CardKit.xcodeproj */ = {isa = PBXFileReference; lastKnownFileType = "wrapper.pb-project"; name = CardKit.xcodeproj; path = ../../../CardKit/CardKit.xcodeproj; sourceTree = "<group>"; };
		3E9C3E5F1957348400A7666C /* CardsDataSource.swift */ = {isa = PBXFileReference; fileEncoding = 4; lastKnownFileType = sourcecode.swift; path = CardsDataSource.swift; sourceTree = "<group>"; };
/* End PBXFileReference section */

/* Begin PBXFrameworksBuildPhase section */
		3E9C3E0719572C9000A7666C /* Frameworks */ = {
			isa = PBXFrameworksBuildPhase;
			buildActionMask = 2147483647;
			files = (
			);
			runOnlyForDeploymentPostprocessing = 0;
		};
		3E9C3E1919572C9000A7666C /* Frameworks */ = {
			isa = PBXFrameworksBuildPhase;
			buildActionMask = 2147483647;
			files = (
			);
			runOnlyForDeploymentPostprocessing = 0;
		};
/* End PBXFrameworksBuildPhase section */

/* Begin PBXGroup section */
		3E9C3E0119572C9000A7666C = {
			isa = PBXGroup;
			children = (
				3E9C3E0C19572C9000A7666C /* Web Cards */,
				3E9C3E1F19572C9100A7666C /* Web CardsTests */,
				3E9C3E0B19572C9000A7666C /* Products */,
			);
			sourceTree = "<group>";
		};
		3E9C3E0B19572C9000A7666C /* Products */ = {
			isa = PBXGroup;
			children = (
				3E9C3E0A19572C9000A7666C /* Web Cards.app */,
				3E9C3E1C19572C9000A7666C /* Web CardsTests.xctest */,
			);
			name = Products;
			sourceTree = "<group>";
		};
		3E9C3E0C19572C9000A7666C /* Web Cards */ = {
			isa = PBXGroup;
			children = (
				3E9C3E5619572E8E00A7666C /* CardKit.xcodeproj */,
				3E9C3E0F19572C9000A7666C /* AppDelegate.swift */,
				3E9C3E1119572C9000A7666C /* ViewController.swift */,
				3E9C3E2C19572CC300A7666C /* CardsViewController.swift */,
				3E9C3E2D19572CC300A7666C /* CardViewCell.swift */,
				3E9C3E5F1957348400A7666C /* CardsDataSource.swift */,
				3E9C3E1319572C9000A7666C /* Main.storyboard */,
				3E9C3E1619572C9000A7666C /* Images.xcassets */,
				3E9C3E0D19572C9000A7666C /* Supporting Files */,
			);
			path = "Web Cards";
			sourceTree = "<group>";
		};
		3E9C3E0D19572C9000A7666C /* Supporting Files */ = {
			isa = PBXGroup;
			children = (
				3E9C3E0E19572C9000A7666C /* Info.plist */,
			);
			name = "Supporting Files";
			sourceTree = "<group>";
		};
		3E9C3E1F19572C9100A7666C /* Web CardsTests */ = {
			isa = PBXGroup;
			children = (
				3E9C3E2219572C9100A7666C /* Web_CardsTests.swift */,
				3E9C3E2019572C9100A7666C /* Supporting Files */,
			);
			path = "Web CardsTests";
			sourceTree = "<group>";
		};
		3E9C3E2019572C9100A7666C /* Supporting Files */ = {
			isa = PBXGroup;
			children = (
				3E9C3E2119572C9100A7666C /* Info.plist */,
			);
			name = "Supporting Files";
			sourceTree = "<group>";
		};
		3E9C3E5719572E8E00A7666C /* Products */ = {
			isa = PBXGroup;
			children = (
				3E9C3E5C19572E8F00A7666C /* CardKit.framework */,
				3E9C3E5E19572E8F00A7666C /* CardKitTests.xctest */,
			);
			name = Products;
			sourceTree = "<group>";
		};
/* End PBXGroup section */

/* Begin PBXNativeTarget section */
		3E9C3E0919572C9000A7666C /* Web Cards */ = {
			isa = PBXNativeTarget;
			buildConfigurationList = 3E9C3E2619572C9100A7666C /* Build configuration list for PBXNativeTarget "Web Cards" */;
			buildPhases = (
				3E9C3E0619572C9000A7666C /* Sources */,
				3E9C3E0719572C9000A7666C /* Frameworks */,
				3E9C3E0819572C9000A7666C /* Resources */,
			);
			buildRules = (
			);
			dependencies = (
			);
			name = "Web Cards";
			productName = "Web Cards";
			productReference = 3E9C3E0A19572C9000A7666C /* Web Cards.app */;
			productType = "com.apple.product-type.application";
		};
		3E9C3E1B19572C9000A7666C /* Web CardsTests */ = {
			isa = PBXNativeTarget;
			buildConfigurationList = 3E9C3E2919572C9100A7666C /* Build configuration list for PBXNativeTarget "Web CardsTests" */;
			buildPhases = (
				3E9C3E1819572C9000A7666C /* Sources */,
				3E9C3E1919572C9000A7666C /* Frameworks */,
				3E9C3E1A19572C9000A7666C /* Resources */,
			);
			buildRules = (
			);
			dependencies = (
				3E9C3E1E19572C9100A7666C /* PBXTargetDependency */,
			);
			name = "Web CardsTests";
			productName = "Web CardsTests";
			productReference = 3E9C3E1C19572C9000A7666C /* Web CardsTests.xctest */;
			productType = "com.apple.product-type.bundle.unit-test";
		};
/* End PBXNativeTarget section */

/* Begin PBXProject section */
		3E9C3E0219572C9000A7666C /* Project object */ = {
			isa = PBXProject;
			attributes = {
				LastUpgradeCheck = 0600;
				ORGANIZATIONNAME = "Right Here Inc.";
				TargetAttributes = {
					3E9C3E0919572C9000A7666C = {
						CreatedOnToolsVersion = 6.0;
					};
					3E9C3E1B19572C9000A7666C = {
						CreatedOnToolsVersion = 6.0;
						TestTargetID = 3E9C3E0919572C9000A7666C;
					};
				};
			};
			buildConfigurationList = 3E9C3E0519572C9000A7666C /* Build configuration list for PBXProject "Web Cards" */;
			compatibilityVersion = "Xcode 3.2";
			developmentRegion = English;
			hasScannedForEncodings = 0;
			knownRegions = (
				en,
				Base,
			);
			mainGroup = 3E9C3E0119572C9000A7666C;
			productRefGroup = 3E9C3E0B19572C9000A7666C /* Products */;
			projectDirPath = "";
			projectReferences = (
				{
					ProductGroup = 3E9C3E5719572E8E00A7666C /* Products */;
					ProjectRef = 3E9C3E5619572E8E00A7666C /* CardKit.xcodeproj */;
				},
			);
			projectRoot = "";
			targets = (
				3E9C3E0919572C9000A7666C /* Web Cards */,
				3E9C3E1B19572C9000A7666C /* Web CardsTests */,
			);
		};
/* End PBXProject section */

/* Begin PBXReferenceProxy section */
		3E9C3E5C19572E8F00A7666C /* CardKit.framework */ = {
			isa = PBXReferenceProxy;
			fileType = wrapper.framework;
			path = CardKit.framework;
			remoteRef = 3E9C3E5B19572E8F00A7666C /* PBXContainerItemProxy */;
			sourceTree = BUILT_PRODUCTS_DIR;
		};
		3E9C3E5E19572E8F00A7666C /* CardKitTests.xctest */ = {
			isa = PBXReferenceProxy;
			fileType = wrapper.cfbundle;
			path = CardKitTests.xctest;
			remoteRef = 3E9C3E5D19572E8F00A7666C /* PBXContainerItemProxy */;
			sourceTree = BUILT_PRODUCTS_DIR;
		};
/* End PBXReferenceProxy section */

/* Begin PBXResourcesBuildPhase section */
		3E9C3E0819572C9000A7666C /* Resources */ = {
			isa = PBXResourcesBuildPhase;
			buildActionMask = 2147483647;
			files = (
				3E9C3E1519572C9000A7666C /* Main.storyboard in Resources */,
				3E9C3E1719572C9000A7666C /* Images.xcassets in Resources */,
			);
			runOnlyForDeploymentPostprocessing = 0;
		};
		3E9C3E1A19572C9000A7666C /* Resources */ = {
			isa = PBXResourcesBuildPhase;
			buildActionMask = 2147483647;
			files = (
			);
			runOnlyForDeploymentPostprocessing = 0;
		};
/* End PBXResourcesBuildPhase section */

/* Begin PBXSourcesBuildPhase section */
		3E9C3E0619572C9000A7666C /* Sources */ = {
			isa = PBXSourcesBuildPhase;
			buildActionMask = 2147483647;
			files = (
				3E9C3E1219572C9000A7666C /* ViewController.swift in Sources */,
				3E9C3E1019572C9000A7666C /* AppDelegate.swift in Sources */,
				3E9C3E2F19572CC300A7666C /* CardViewCell.swift in Sources */,
				3E9C3E601957348400A7666C /* CardsDataSource.swift in Sources */,
				3E9C3E2E19572CC300A7666C /* CardsViewController.swift in Sources */,
			);
			runOnlyForDeploymentPostprocessing = 0;
		};
		3E9C3E1819572C9000A7666C /* Sources */ = {
			isa = PBXSourcesBuildPhase;
			buildActionMask = 2147483647;
			files = (
				3E9C3E2319572C9100A7666C /* Web_CardsTests.swift in Sources */,
			);
			runOnlyForDeploymentPostprocessing = 0;
		};
/* End PBXSourcesBuildPhase section */

/* Begin PBXTargetDependency section */
		3E9C3E1E19572C9100A7666C /* PBXTargetDependency */ = {
			isa = PBXTargetDependency;
			target = 3E9C3E0919572C9000A7666C /* Web Cards */;
			targetProxy = 3E9C3E1D19572C9100A7666C /* PBXContainerItemProxy */;
		};
/* End PBXTargetDependency section */

/* Begin PBXVariantGroup section */
		3E9C3E1319572C9000A7666C /* Main.storyboard */ = {
			isa = PBXVariantGroup;
			children = (
				3E9C3E1419572C9000A7666C /* Base */,
			);
			name = Main.storyboard;
			sourceTree = "<group>";
		};
/* End PBXVariantGroup section */

/* Begin XCBuildConfiguration section */
		3E9C3E2419572C9100A7666C /* Debug */ = {
			isa = XCBuildConfiguration;
			buildSettings = {
				ALWAYS_SEARCH_USER_PATHS = NO;
				CLANG_CXX_LANGUAGE_STANDARD = "gnu++0x";
				CLANG_CXX_LIBRARY = "libc++";
				CLANG_ENABLE_MODULES = YES;
				CLANG_ENABLE_OBJC_ARC = YES;
				CLANG_WARN_BOOL_CONVERSION = YES;
				CLANG_WARN_CONSTANT_CONVERSION = YES;
				CLANG_WARN_DIRECT_OBJC_ISA_USAGE = YES_ERROR;
				CLANG_WARN_EMPTY_BODY = YES;
				CLANG_WARN_ENUM_CONVERSION = YES;
				CLANG_WARN_INT_CONVERSION = YES;
				CLANG_WARN_OBJC_ROOT_CLASS = YES_ERROR;
				CLANG_WARN_UNREACHABLE_CODE = YES;
				CLANG_WARN__DUPLICATE_METHOD_MATCH = YES;
				"CODE_SIGN_IDENTITY[sdk=iphoneos*]" = "iPhone Developer";
				COPY_PHASE_STRIP = NO;
				ENABLE_STRICT_OBJC_MSGSEND = YES;
				GCC_C_LANGUAGE_STANDARD = gnu99;
				GCC_DYNAMIC_NO_PIC = NO;
				GCC_OPTIMIZATION_LEVEL = 0;
				GCC_PREPROCESSOR_DEFINITIONS = (
					"DEBUG=1",
					"$(inherited)",
				);
				GCC_SYMBOLS_PRIVATE_EXTERN = NO;
				GCC_WARN_64_TO_32_BIT_CONVERSION = YES;
				GCC_WARN_ABOUT_RETURN_TYPE = YES_ERROR;
				GCC_WARN_UNDECLARED_SELECTOR = YES;
				GCC_WARN_UNINITIALIZED_AUTOS = YES_AGGRESSIVE;
				GCC_WARN_UNUSED_FUNCTION = YES;
				GCC_WARN_UNUSED_VARIABLE = YES;
				IPHONEOS_DEPLOYMENT_TARGET = 8.0;
				METAL_ENABLE_DEBUG_INFO = YES;
				ONLY_ACTIVE_ARCH = YES;
				SDKROOT = iphoneos;
				SWIFT_OPTIMIZATION_LEVEL = "-Onone";
				TARGETED_DEVICE_FAMILY = "1,2";
			};
			name = Debug;
		};
		3E9C3E2519572C9100A7666C /* Release */ = {
			isa = XCBuildConfiguration;
			buildSettings = {
				ALWAYS_SEARCH_USER_PATHS = NO;
				CLANG_CXX_LANGUAGE_STANDARD = "gnu++0x";
				CLANG_CXX_LIBRARY = "libc++";
				CLANG_ENABLE_MODULES = YES;
				CLANG_ENABLE_OBJC_ARC = YES;
				CLANG_WARN_BOOL_CONVERSION = YES;
				CLANG_WARN_CONSTANT_CONVERSION = YES;
				CLANG_WARN_DIRECT_OBJC_ISA_USAGE = YES_ERROR;
				CLANG_WARN_EMPTY_BODY = YES;
				CLANG_WARN_ENUM_CONVERSION = YES;
				CLANG_WARN_INT_CONVERSION = YES;
				CLANG_WARN_OBJC_ROOT_CLASS = YES_ERROR;
				CLANG_WARN_UNREACHABLE_CODE = YES;
				CLANG_WARN__DUPLICATE_METHOD_MATCH = YES;
				"CODE_SIGN_IDENTITY[sdk=iphoneos*]" = "iPhone Developer";
				COPY_PHASE_STRIP = YES;
				ENABLE_NS_ASSERTIONS = NO;
				ENABLE_STRICT_OBJC_MSGSEND = YES;
				GCC_C_LANGUAGE_STANDARD = gnu99;
				GCC_WARN_64_TO_32_BIT_CONVERSION = YES;
				GCC_WARN_ABOUT_RETURN_TYPE = YES_ERROR;
				GCC_WARN_UNDECLARED_SELECTOR = YES;
				GCC_WARN_UNINITIALIZED_AUTOS = YES_AGGRESSIVE;
				GCC_WARN_UNUSED_FUNCTION = YES;
				GCC_WARN_UNUSED_VARIABLE = YES;
				IPHONEOS_DEPLOYMENT_TARGET = 8.0;
				METAL_ENABLE_DEBUG_INFO = NO;
				SDKROOT = iphoneos;
				TARGETED_DEVICE_FAMILY = "1,2";
				VALIDATE_PRODUCT = YES;
			};
			name = Release;
		};
		3E9C3E2719572C9100A7666C /* Debug */ = {
			isa = XCBuildConfiguration;
			buildSettings = {
				ASSETCATALOG_COMPILER_APPICON_NAME = AppIcon;
				ASSETCATALOG_COMPILER_LAUNCHIMAGE_NAME = LaunchImage;
				INFOPLIST_FILE = "Web Cards/Info.plist";
				LD_RUNPATH_SEARCH_PATHS = "$(inherited) @executable_path/Frameworks";
				PRODUCT_NAME = "$(TARGET_NAME)";
			};
			name = Debug;
		};
		3E9C3E2819572C9100A7666C /* Release */ = {
			isa = XCBuildConfiguration;
			buildSettings = {
				ASSETCATALOG_COMPILER_APPICON_NAME = AppIcon;
				ASSETCATALOG_COMPILER_LAUNCHIMAGE_NAME = LaunchImage;
				INFOPLIST_FILE = "Web Cards/Info.plist";
				LD_RUNPATH_SEARCH_PATHS = "$(inherited) @executable_path/Frameworks";
				PRODUCT_NAME = "$(TARGET_NAME)";
			};
			name = Release;
		};
		3E9C3E2A19572C9100A7666C /* Debug */ = {
			isa = XCBuildConfiguration;
			buildSettings = {
				BUNDLE_LOADER = "$(BUILT_PRODUCTS_DIR)/Web Cards.app/Web Cards";
				FRAMEWORK_SEARCH_PATHS = (
					"$(SDKROOT)/Developer/Library/Frameworks",
					"$(inherited)",
				);
				GCC_PREPROCESSOR_DEFINITIONS = (
					"DEBUG=1",
					"$(inherited)",
				);
				INFOPLIST_FILE = "Web CardsTests/Info.plist";
				LD_RUNPATH_SEARCH_PATHS = "$(inherited) @executable_path/Frameworks @loader_path/Frameworks";
				METAL_ENABLE_DEBUG_INFO = YES;
				PRODUCT_NAME = "$(TARGET_NAME)";
				TEST_HOST = "$(BUNDLE_LOADER)";
			};
			name = Debug;
		};
		3E9C3E2B19572C9100A7666C /* Release */ = {
			isa = XCBuildConfiguration;
			buildSettings = {
				BUNDLE_LOADER = "$(BUILT_PRODUCTS_DIR)/Web Cards.app/Web Cards";
				FRAMEWORK_SEARCH_PATHS = (
					"$(SDKROOT)/Developer/Library/Frameworks",
					"$(inherited)",
				);
				INFOPLIST_FILE = "Web CardsTests/Info.plist";
				LD_RUNPATH_SEARCH_PATHS = "$(inherited) @executable_path/Frameworks @loader_path/Frameworks";
				METAL_ENABLE_DEBUG_INFO = NO;
				PRODUCT_NAME = "$(TARGET_NAME)";
				TEST_HOST = "$(BUNDLE_LOADER)";
			};
			name = Release;
		};
/* End XCBuildConfiguration section */

/* Begin XCConfigurationList section */
		3E9C3E0519572C9000A7666C /* Build configuration list for PBXProject "Web Cards" */ = {
			isa = XCConfigurationList;
			buildConfigurations = (
				3E9C3E2419572C9100A7666C /* Debug */,
				3E9C3E2519572C9100A7666C /* Release */,
			);
			defaultConfigurationIsVisible = 0;
			defaultConfigurationName = Release;
		};
		3E9C3E2619572C9100A7666C /* Build configuration list for PBXNativeTarget "Web Cards" */ = {
			isa = XCConfigurationList;
			buildConfigurations = (
				3E9C3E2719572C9100A7666C /* Debug */,
				3E9C3E2819572C9100A7666C /* Release */,
			);
			defaultConfigurationIsVisible = 0;
		};
		3E9C3E2919572C9100A7666C /* Build configuration list for PBXNativeTarget "Web CardsTests" */ = {
			isa = XCConfigurationList;
			buildConfigurations = (
				3E9C3E2A19572C9100A7666C /* Debug */,
				3E9C3E2B19572C9100A7666C /* Release */,
			);
			defaultConfigurationIsVisible = 0;
		};
/* End XCConfigurationList section */
	};
	rootObject = 3E9C3E0219572C9000A7666C /* Project object */;
}
